lockfileVersion: '9.0'

settings:
  autoInstallPeers: true
  excludeLinksFromLockfile: false

importers:

  .:
    dependencies:
      p5:
        specifier: 2.3.0
        version: 2.3.0

packages:

  '@babel/runtime@7.29.7':
    resolution: {integrity: sha512-Nq8OhGWiZIZGV6hLHoyAKLLcJihP/xFeBMGJoUrxTX2psI8dCifzLhZISFb+VWS3wFMRDmCGw5R+dOySCqPLhw==}
    engines: {node: '>=6.9.0'}

  '@davepagurek/bezier-path@0.0.7':
    resolution: {integrity: sha512-CVlnCOrV1iy4Z12T756i9l4G6kF7r8uhlnb+xqDemAMmWQB+8Q0b+8VEqIiUfywgZDSiDr18Rm7pZlnA69rE8Q==}

  '@japont/unicode-range@1.0.0':
    resolution: {integrity: sha512-BckHvA2XdjRBVAWe2uceNuRf78lBeI28kyWEbfr/Q2pE17POkwuZ6WWY/UMv8FL9iBxhW4xfDoNLM9UVZaTeUQ==}

  acorn-walk@8.3.5:
    resolution: {integrity: sha512-HEHNfbars9v4pgpW6SO1KSPkfoS0xVOM/9UzkJltjlsHZmJasxg8aXkuZa7SMf8vKGIBhpUsPluQSqhJFCqebw==}
    engines: {node: '>=0.4.0'}

  acorn@8.17.0:
    resolution: {integrity: sha512-xRQbDb9BnwDafYNn6Vwl839DYVjqXYb1XVGtWAZ1kcDc6iwAL4hg3B1dZlRiuENFeO2H53gFG3in621AdERVAg==}
    engines: {node: '>=0.4.0'}
    hasBin: true

  colorjs.io@0.6.1:
    resolution: {integrity: sha512-8lyR2wHzuIykCpqHKgluGsqQi5iDm3/a2IgP2GBZrasn2sBRkE4NOGsglZxWLs/jZQoNkmA/KM/8NV16rLUdBg==}

  escodegen@2.1.0:
    resolution: {integrity: sha512-2NlIDTwUWJN0mRPQOdtQBzbUHvdGY2P1VXSyU83Q3xKxM7WHX2Ql8dKq782Q9TgQUNOLEzEYu9bzLNj1q88I5w==}
    engines: {node: '>=6.0'}
    hasBin: true

  esprima@4.0.1:
    resolution: {integrity: sha512-eGuFFw7Upda+g4p+QHvnW0RyTX/SVeJBDM/gCtMARO0cLuT2HcEKnTPvhjV6aGeqrCB/sbNop0Kszm0jsaWU4A==}
    engines: {node: '>=4'}
    hasBin: true

  estraverse@5.3.0:
    resolution: {integrity: sha512-MMdARuVEQziNTeJD8DgMqmhwR11BRQ/cBP+pLtYdSTnf3MIO8fFeiINEbX36ZdNlfU/7A9f3gUw49B3oQsvwBA==}
    engines: {node: '>=4.0'}

  esutils@2.0.3:
    resolution: {integrity: sha512-kVscqXk4OCp68SZ0dkgEKVi6/8ij300KBWTJq32P/dYeWTSwK41WyTxalN1eRmA5Z9UU/LX9D7FWSmV9SAYx6g==}
    engines: {node: '>=0.10.0'}

  gifenc@1.0.3:
    resolution: {integrity: sha512-xdr6AdrfGBcfzncONUOlXMBuc5wJDtOueE3c5rdG0oNgtINLD+f2iFZltrBRZYzACRbKr+mSVU/x98zv2u3jmw==}

  i18next-browser-languagedetector@4.3.1:
    resolution: {integrity: sha512-KIToAzf8zwWvacgnRwJp63ase26o24AuNUlfNVJ5YZAFmdGhsJpmFClxXPuk9rv1FMI4lnc8zLSqgZPEZMrW4g==}

  i18next@19.9.2:
    resolution: {integrity: sha512-0i6cuo6ER6usEOtKajUUDj92zlG+KArFia0857xxiEHAQcUwh/RtOQocui1LPJwunSYT574Pk64aNva1kwtxZg==}

  libtess@1.2.2:
    resolution: {integrity: sha512-Nps8HPeVVcsmJxUvFLKVJcCgcz+1ajPTXDVAVPs6+giOQP4AHV31uZFFkh+CKow/bkB7GbZWKmwmit7myaqDSw==}

  omggif@1.0.10:
    resolution: {integrity: sha512-LMJTtvgc/nugXj0Vcrrs68Mn2D1r0zf630VNtqtpI1FEO7e+O9FP4gqs9AcnBaSEeoHIPm28u6qgPR0oyEpGSw==}

  p5@2.3.0:
    resolution: {integrity: sha512-akBaN7KbLo5Y6fQ6xJ3w5KKVSfkHGLmqxkJZ7IwZkKw7QlEuVFlLuFTkx9/5o8AAyuJttzucXh7aWk2natRNMA==}

  pako@2.2.0:
    resolution: {integrity: sha512-zJq6RP/5q+TO2OpFV3FHzlPnFjmkb7Nc99a5SNjJE+uu/PkpChs+NIZSSzbBoD+6kjiISXjfYdwj1ZRQ81dz/w==}

  source-map@0.6.1:
    resolution: {integrity: sha512-UjgapumWlbMhkBgzT7Ykc5YXUT46F0iKu8SGXq0bcwP5dz/h0Plj6enJqjz1Zbq2l5WaqYnrVbwWOWMyF3F47g==}
    engines: {node: '>=0.10.0'}

  zod@4.4.3:
    resolution: {integrity: sha512-ytENFjIJFl2UwYglde2jchW2Hwm4GJFLDiSXWdTrJQBIN9Fcyp7n4DhxJEiWNAJMV1/BqWfW/kkg71UDcHJyTQ==}

snapshots:

  '@babel/runtime@7.29.7': {}

  '@davepagurek/bezier-path@0.0.7': {}

  '@japont/unicode-range@1.0.0': {}

  acorn-walk@8.3.5:
    dependencies:
      acorn: 8.17.0

  acorn@8.17.0: {}

  colorjs.io@0.6.1: {}

  escodegen@2.1.0:
    dependencies:
      esprima: 4.0.1
      estraverse: 5.3.0
      esutils: 2.0.3
    optionalDependencies:
      source-map: 0.6.1

  esprima@4.0.1: {}

  estraverse@5.3.0: {}

  esutils@2.0.3: {}

  gifenc@1.0.3: {}

  i18next-browser-languagedetector@4.3.1:
    dependencies:
      '@babel/runtime': 7.29.7

  i18next@19.9.2:
    dependencies:
      '@babel/runtime': 7.29.7

  libtess@1.2.2: {}

  omggif@1.0.10: {}

  p5@2.3.0:
    dependencies:
      '@davepagurek/bezier-path': 0.0.7
      '@japont/unicode-range': 1.0.0
      acorn: 8.17.0
      acorn-walk: 8.3.5
      colorjs.io: 0.6.1
      escodegen: 2.1.0
      gifenc: 1.0.3
      i18next: 19.9.2
      i18next-browser-languagedetector: 4.3.1
      libtess: 1.2.2
      omggif: 1.0.10
      pako: 2.2.0
      zod: 4.4.3

  pako@2.2.0: {}

  source-map@0.6.1:
    optional: true

  zod@4.4.3: {}
